
Microsoft Visual Studio Solution File, Format Version 11.00
# Visual Studio 2010
Project("{FAE04EC0-301F-11D3-BF4B-00C04F79EFBC}") = "Meshellator", "Meshellator\Meshellator.csproj", "{CEBA7681-E968-46F6-8C87-7005FAA98267}"
EndProject
Project("{FAE04EC0-301F-11D3-BF4B-00C04F79EFBC}") = "Meshellator.Tests", "Meshellator.Tests\Meshellator.Tests.csproj", "{98B8E72C-6D7C-40C6-8344-67A0D3084B32}"
EndProject
Project("{2150E333-8FDC-42A3-9474-1A3956D46DE8}") = "Solution Items", "Solution Items", "{4F1E48BE-1AF0-47AD-B117-69E0C660241C}"
	ProjectSection(SolutionItems) = preProject
		SharedAssemblyInfo.cs = SharedAssemblyInfo.cs
	EndProjectSection
EndProject
Project("{FAE04EC0-301F-11D3-BF4B-00C04F79EFBC}") = "Meshellator.Viewer", "Meshellator.Viewer\Meshellator.Viewer.csproj", "{96766DF2-2757-41CC-AD3E-32F8ECE9C3B8}"
EndProject
Project("{FAE04EC0-301F-11D3-BF4B-00C04F79EFBC}") = "Meshellator.Silverlight", "Meshellator.Silverlight\Meshellator.Silverlight.csproj", "{11BB14D7-2E35-4EA7-9FC2-D64DB94FC7C1}"
EndProject
Global
	GlobalSection(SolutionConfigurationPlatforms) = preSolution
		Debug|Any CPU = Debug|Any CPU
		Release|Any CPU = Release|Any CPU
	EndGlobalSection
	GlobalSection(ProjectConfigurationPlatforms) = postSolution
		{CEBA7681-E968-46F6-8C87-7005FAA98267}.Debug|Any CPU.ActiveCfg = Debug|Any CPU
		{CEBA7681-E968-46F6-8C87-7005FAA98267}.Debug|Any CPU.Build.0 = Debug|Any CPU
		{CEBA7681-E968-46F6-8C87-7005FAA98267}.Release|Any CPU.ActiveCfg = Release|Any CPU
		{CEBA7681-E968-46F6-8C87-7005FAA98267}.Release|Any CPU.Build.0 = Release|Any CPU
		{98B8E72C-6D7C-40C6-8344-67A0D3084B32}.Debug|Any CPU.ActiveCfg = Debug|Any CPU
		{98B8E72C-6D7C-40C6-8344-67A0D3084B32}.Debug|Any CPU.Build.0 = Debug|Any CPU
		{98B8E72C-6D7C-40C6-8344-67A0D3084B32}.Release|Any CPU.ActiveCfg = Release|Any CPU
		{98B8E72C-6D7C-40C6-8344-67A0D3084B32}.Release|Any CPU.Build.0 = Release|Any CPU
		{96766DF2-2757-41CC-AD3E-32F8ECE9C3B8}.Debug|Any CPU.ActiveCfg = Debug|Any CPU
		{96766DF2-2757-41CC-AD3E-32F8ECE9C3B8}.Debug|Any CPU.Build.0 = Debug|Any CPU
		{96766DF2-2757-41CC-AD3E-32F8ECE9C3B8}.Release|Any CPU.ActiveCfg = Release|Any CPU
		{96766DF2-2757-41CC-AD3E-32F8ECE9C3B8}.Release|Any CPU.Build.0 = Release|Any CPU
		{11BB14D7-2E35-4EA7-9FC2-D64DB94FC7C1}.Debug|Any CPU.ActiveCfg = Debug|Any CPU
		{11BB14D7-2E35-4EA7-9FC2-D64DB94FC7C1}.Debug|Any CPU.Build.0 = Debug|Any CPU
		{11BB14D7-2E35-4EA7-9FC2-D64DB94FC7C1}.Release|Any CPU.ActiveCfg = Release|Any CPU
		{11BB14D7-2E35-4EA7-9FC2-D64DB94FC7C1}.Release|Any CPU.Build.0 = Release|Any CPU
	EndGlobalSection
	GlobalSection(SolutionProperties) = preSolution
		HideSolutionNode = FALSE
	EndGlobalSection
EndGlobal
